
Microsoft Visual Studio Solution File, Format Version 12.00
# Visual Studio 14
VisualStudioVersion = 14.0.23107.0
MinimumVisualStudioVersion = 10.0.40219.1
Project("{FAE04EC0-301F-11D3-BF4B-00C04F79EFBC}") = "ConvertNsf", "ConvertNsf\ConvertNsf.csproj", "{B7E70746-ACF4-4043-B60D-24F4D4FD8411}"
EndProject
Global
	GlobalSection(SolutionConfigurationPlatforms) = preSolution
		Debug|Any CPU = Debug|Any CPU
		Debug|x86 = Debug|x86
		Release|Any CPU = Release|Any CPU
		Release|x86 = Release|x86
	EndGlobalSection
	GlobalSection(ProjectConfigurationPlatforms) = postSolution
		{B7E70746-ACF4-4043-B60D-24F4D4FD8411}.Debug|Any CPU.ActiveCfg = Debug|Any CPU
		{B7E70746-ACF4-4043-B60D-24F4D4FD8411}.Debug|Any CPU.Build.0 = Debug|Any CPU
		{B7E70746-ACF4-4043-B60D-24F4D4FD8411}.Debug|x86.ActiveCfg = Debug|x86
		{B7E70746-ACF4-4043-B60D-24F4D4FD8411}.Debug|x86.Build.0 = Debug|x86
		{B7E70746-ACF4-4043-B60D-24F4D4FD8411}.Release|Any CPU.ActiveCfg = Release|Any CPU
		{B7E70746-ACF4-4043-B60D-24F4D4FD8411}.Release|Any CPU.Build.0 = Release|Any CPU
		{B7E70746-ACF4-4043-B60D-24F4D4FD8411}.Release|x86.ActiveCfg = Release|x86
		{B7E70746-ACF4-4043-B60D-24F4D4FD8411}.Release|x86.Build.0 = Release|x86
	EndGlobalSection
	GlobalSection(SolutionProperties) = preSolution
		HideSolutionNode = FALSE
	EndGlobalSection
EndGlobal
